// !$*UTF8*$!
{
	archiveVersion = 1;
	classes = {
	};
	objectVersion = 46;
	objects = {

/* Begin PBXBuildFile section */
		0FB15A068AAF9486573D5825 /* libPods.a in Frameworks */ = {isa = PBXBuildFile; fileRef = 19F819356432995F2000CDA8 /* libPods.a */; };
		421A968F1B020878005CF8C5 /* SKFileSystemSupport.m in Sources */ = {isa = PBXBuildFile; fileRef = 421A968E1B020878005CF8C5 /* SKFileSystemSupport.m */; };
		421A96901B02087E005CF8C5 /* SKFileSystemSupport.m in Sources */ = {isa = PBXBuildFile; fileRef = 421A968E1B020878005CF8C5 /* SKFileSystemSupport.m */; };
		421A96941B023106005CF8C5 /* SKBookListTableController.m in Sources */ = {isa = PBXBuildFile; fileRef = 421A96931B023106005CF8C5 /* SKBookListTableController.m */; };
		421A96961B023228005CF8C5 /* jlreq-in-english.epub in Resources */ = {isa = PBXBuildFile; fileRef = 421A96951B023228005CF8C5 /* jlreq-in-english.epub */; };
		421A96971B023228005CF8C5 /* jlreq-in-english.epub in Resources */ = {isa = PBXBuildFile; fileRef = 421A96951B023228005CF8C5 /* jlreq-in-english.epub */; };
		421A96991B02351B005CF8C5 /* moby-dick.epub in Resources */ = {isa = PBXBuildFile; fileRef = 421A96981B02351B005CF8C5 /* moby-dick.epub */; };
		421A969A1B02351B005CF8C5 /* moby-dick.epub in Resources */ = {isa = PBXBuildFile; fileRef = 421A96981B02351B005CF8C5 /* moby-dick.epub */; };
		421A969B1B023967005CF8C5 /* SKBookListTableController.m in Sources */ = {isa = PBXBuildFile; fileRef = 421A96931B023106005CF8C5 /* SKBookListTableController.m */; };
		422CA5501A587A8300F60A5F /* main.m in Sources */ = {isa = PBXBuildFile; fileRef = 422CA54F1A587A8300F60A5F /* main.m */; };
		422CA5531A587A8300F60A5F /* AppDelegate.m in Sources */ = {isa = PBXBuildFile; fileRef = 422CA5521A587A8300F60A5F /* AppDelegate.m */; };
		422CA55B1A587A8300F60A5F /* Images.xcassets in Resources */ = {isa = PBXBuildFile; fileRef = 422CA55A1A587A8300F60A5F /* Images.xcassets */; };
		422CA55E1A587A8300F60A5F /* LaunchScreen.xib in Resources */ = {isa = PBXBuildFile; fileRef = 422CA55C1A587A8300F60A5F /* LaunchScreen.xib */; };
		422CA56A1A587A8300F60A5F /* SK_EPReaderTests.m in Sources */ = {isa = PBXBuildFile; fileRef = 422CA5691A587A8300F60A5F /* SK_EPReaderTests.m */; };
		422CA59F1A587AAE00F60A5F /* slider_ball.png in Resources */ = {isa = PBXBuildFile; fileRef = 422CA59E1A587AAE00F60A5F /* slider_ball.png */; };
		422CA5A61A587AC900F60A5F /* orangeslide.png in Resources */ = {isa = PBXBuildFile; fileRef = 422CA5A11A587AC900F60A5F /* orangeslide.png */; };
		422CA5A71A587AC900F60A5F /* SearchWebView.js in Resources */ = {isa = PBXBuildFile; fileRef = 422CA5A21A587AC900F60A5F /* SearchWebView.js */; };
		422CA5A91A587AC900F60A5F /* yellowslide.png in Resources */ = {isa = PBXBuildFile; fileRef = 422CA5A41A587AC900F60A5F /* yellowslide.png */; };
		422CA5D51A587AF100F60A5F /* Chapter.m in Sources */ = {isa = PBXBuildFile; fileRef = 422CA5AE1A587AF100F60A5F /* Chapter.m */; };
		422CA5D61A587AF100F60A5F /* ChapterListViewController.m in Sources */ = {isa = PBXBuildFile; fileRef = 422CA5B01A587AF100F60A5F /* ChapterListViewController.m */; };
		422CA5D81A587AF100F60A5F /* EPub.m in Sources */ = {isa = PBXBuildFile; fileRef = 422CA5B31A587AF100F60A5F /* EPub.m */; };
		422CA5DA1A587AF100F60A5F /* EPubViewController.m in Sources */ = {isa = PBXBuildFile; fileRef = 422CA5B61A587AF100F60A5F /* EPubViewController.m */; };
		422CA5E11A587AF100F60A5F /* SearchResult.m in Sources */ = {isa = PBXBuildFile; fileRef = 422CA5C81A587AF100F60A5F /* SearchResult.m */; };
		422CA5E21A587AF100F60A5F /* SearchResultsViewController.m in Sources */ = {isa = PBXBuildFile; fileRef = 422CA5CA1A587AF100F60A5F /* SearchResultsViewController.m */; };
		422CA5E41A587AF100F60A5F /* UIWebView+SearchWebView.m in Sources */ = {isa = PBXBuildFile; fileRef = 422CA5CD1A587AF100F60A5F /* UIWebView+SearchWebView.m */; };
		422CA5F51A587F9100F60A5F /* UIKit.framework in Frameworks */ = {isa = PBXBuildFile; fileRef = 422CA5F01A587C6F00F60A5F /* UIKit.framework */; };
		422CA5F61A587F9F00F60A5F /* Foundation.framework in Frameworks */ = {isa = PBXBuildFile; fileRef = 422CA5EE1A587C5100F60A5F /* Foundation.framework */; };
		422CA5F71A587FA700F60A5F /* libxml2.dylib in Frameworks */ = {isa = PBXBuildFile; fileRef = 422CA5EA1A587C3300F60A5F /* libxml2.dylib */; };
		422CA5F81A587FB100F60A5F /* CoreGraphics.framework in Frameworks */ = {isa = PBXBuildFile; fileRef = 422CA5EC1A587C4A00F60A5F /* CoreGraphics.framework */; };
		422CA5FA1A5880D600F60A5F /* libz.dylib in Frameworks */ = {isa = PBXBuildFile; fileRef = 422CA5F91A5880D600F60A5F /* libz.dylib */; };
		42FB6B451B014653001CFBCC /* Storyboard.storyboard in Resources */ = {isa = PBXBuildFile; fileRef = 42FB6B441B014653001CFBCC /* Storyboard.storyboard */; };
		5B60A90DCCE0AE09A6AB8020 /* libPods.a in Frameworks */ = {isa = PBXBuildFile; fileRef = 19F819356432995F2000CDA8 /* libPods.a */; };
/* End PBXBuildFile section */

/* Begin PBXContainerItemProxy section */
		422CA5641A587A8300F60A5F /* PBXContainerItemProxy */ = {
			isa = PBXContainerItemProxy;
			containerPortal = 422CA5421A587A8300F60A5F /* Project object */;
			proxyType = 1;
			remoteGlobalIDString = 422CA5491A587A8300F60A5F;
			remoteInfo = SK_EPReader;
		};
/* End PBXContainerItemProxy section */

/* Begin PBXFileReference section */
		08ACC48D1E675FC921EE7979 /* Pods.release.xcconfig */ = {isa = PBXFileReference; includeInIndex = 1; lastKnownFileType = text.xcconfig; name = Pods.release.xcconfig; path = "Pods/Target Support Files/Pods/Pods.release.xcconfig"; sourceTree = "<group>"; };
		19F819356432995F2000CDA8 /* libPods.a */ = {isa = PBXFileReference; explicitFileType = archive.ar; includeInIndex = 0; path = libPods.a; sourceTree = BUILT_PRODUCTS_DIR; };
		421A968D1B020878005CF8C5 /* SKFileSystemSupport.h */ = {isa = PBXFileReference; fileEncoding = 4; lastKnownFileType = sourcecode.c.h; name = SKFileSystemSupport.h; path = Support/SKFileSystemSupport.h; sourceTree = "<group>"; };
		421A968E1B020878005CF8C5 /* SKFileSystemSupport.m */ = {isa = PBXFileReference; fileEncoding = 4; lastKnownFileType = sourcecode.c.objc; name = SKFileSystemSupport.m; path = Support/SKFileSystemSupport.m; sourceTree = "<group>"; };
		421A96921B023106005CF8C5 /* SKBookListTableController.h */ = {isa = PBXFileReference; fileEncoding = 4; lastKnownFileType = sourcecode.c.h; name = SKBookListTableController.h; path = SK_EPReader/Classes/SKBookListTableController.h; sourceTree = "<group>"; };
		421A96931B023106005CF8C5 /* SKBookListTableController.m */ = {isa = PBXFileReference; fileEncoding = 4; lastKnownFileType = sourcecode.c.objc; name = SKBookListTableController.m; path = SK_EPReader/Classes/SKBookListTableController.m; sourceTree = "<group>"; };
		421A96951B023228005CF8C5 /* jlreq-in-english.epub */ = {isa = PBXFileReference; lastKnownFileType = file; name = "jlreq-in-english.epub"; path = "BookSources/jlreq-in-english.epub"; sourceTree = SOURCE_ROOT; };
		421A96981B02351B005CF8C5 /* moby-dick.epub */ = {isa = PBXFileReference; lastKnownFileType = file; name = "moby-dick.epub"; path = "BookSources/moby-dick.epub"; sourceTree = SOURCE_ROOT; };
		422CA54A1A587A8300F60A5F /* SK_EPReader.app */ = {isa = PBXFileReference; explicitFileType = wrapper.application; includeInIndex = 0; path = SK_EPReader.app; sourceTree = BUILT_PRODUCTS_DIR; };
		422CA54E1A587A8300F60A5F /* Info.plist */ = {isa = PBXFileReference; lastKnownFileType = text.plist.xml; path = Info.plist; sourceTree = "<group>"; };
		422CA54F1A587A8300F60A5F /* main.m */ = {isa = PBXFileReference; lastKnownFileType = sourcecode.c.objc; path = main.m; sourceTree = "<group>"; };
		422CA5511A587A8300F60A5F /* AppDelegate.h */ = {isa = PBXFileReference; lastKnownFileType = sourcecode.c.h; name = AppDelegate.h; path = SK_EPReader/AppDelegate.h; sourceTree = "<group>"; };
		422CA5521A587A8300F60A5F /* AppDelegate.m */ = {isa = PBXFileReference; lastKnownFileType = sourcecode.c.objc; name = AppDelegate.m; path = SK_EPReader/AppDelegate.m; sourceTree = "<group>"; };
		422CA55A1A587A8300F60A5F /* Images.xcassets */ = {isa = PBXFileReference; lastKnownFileType = folder.assetcatalog; path = Images.xcassets; sourceTree = "<group>"; };
		422CA55D1A587A8300F60A5F /* Base */ = {isa = PBXFileReference; lastKnownFileType = file.xib; name = Base; path = Base.lproj/LaunchScreen.xib; sourceTree = "<group>"; };
		422CA5631A587A8300F60A5F /* SK_EPReaderTests.xctest */ = {isa = PBXFileReference; explicitFileType = wrapper.cfbundle; includeInIndex = 0; path = SK_EPReaderTests.xctest; sourceTree = BUILT_PRODUCTS_DIR; };
		422CA5681A587A8300F60A5F /* Info.plist */ = {isa = PBXFileReference; lastKnownFileType = text.plist.xml; path = Info.plist; sourceTree = "<group>"; };
		422CA5691A587A8300F60A5F /* SK_EPReaderTests.m */ = {isa = PBXFileReference; lastKnownFileType = sourcecode.c.objc; path = SK_EPReaderTests.m; sourceTree = "<group>"; };
		422CA59E1A587AAE00F60A5F /* slider_ball.png */ = {isa = PBXFileReference; lastKnownFileType = image.png; path = slider_ball.png; sourceTree = "<group>"; };
		422CA5A11A587AC900F60A5F /* orangeslide.png */ = {isa = PBXFileReference; lastKnownFileType = image.png; path = orangeslide.png; sourceTree = "<group>"; };
		422CA5A21A587AC900F60A5F /* SearchWebView.js */ = {isa = PBXFileReference; fileEncoding = 4; lastKnownFileType = sourcecode.javascript; path = SearchWebView.js; sourceTree = "<group>"; };
		422CA5A41A587AC900F60A5F /* yellowslide.png */ = {isa = PBXFileReference; lastKnownFileType = image.png; path = yellowslide.png; sourceTree = "<group>"; };
		422CA5AD1A587AF100F60A5F /* Chapter.h */ = {isa = PBXFileReference; fileEncoding = 4; lastKnownFileType = sourcecode.c.h; path = Chapter.h; sourceTree = "<group>"; };
		422CA5AE1A587AF100F60A5F /* Chapter.m */ = {isa = PBXFileReference; fileEncoding = 4; lastKnownFileType = sourcecode.c.objc; path = Chapter.m; sourceTree = "<group>"; };
		422CA5AF1A587AF100F60A5F /* ChapterListViewController.h */ = {isa = PBXFileReference; fileEncoding = 4; lastKnownFileType = sourcecode.c.h; path = ChapterListViewController.h; sourceTree = "<group>"; };
		422CA5B01A587AF100F60A5F /* ChapterListViewController.m */ = {isa = PBXFileReference; fileEncoding = 4; lastKnownFileType = sourcecode.c.objc; path = ChapterListViewController.m; sourceTree = "<group>"; };
		422CA5B21A587AF100F60A5F /* EPub.h */ = {isa = PBXFileReference; fileEncoding = 4; lastKnownFileType = sourcecode.c.h; path = EPub.h; sourceTree = "<group>"; };
		422CA5B31A587AF100F60A5F /* EPub.m */ = {isa = PBXFileReference; fileEncoding = 4; lastKnownFileType = sourcecode.c.objc; path = EPub.m; sourceTree = "<group>"; };
		422CA5B51A587AF100F60A5F /* EPubViewController.h */ = {isa = PBXFileReference; fileEncoding = 4; lastKnownFileType = sourcecode.c.h; path = EPubViewController.h; sourceTree = "<group>"; };
		422CA5B61A587AF100F60A5F /* EPubViewController.m */ = {isa = PBXFileReference; fileEncoding = 4; lastKnownFileType = sourcecode.c.objc; path = EPubViewController.m; sourceTree = "<group>"; };
		422CA5C71A587AF100F60A5F /* SearchResult.h */ = {isa = PBXFileReference; fileEncoding = 4; lastKnownFileType = sourcecode.c.h; path = SearchResult.h; sourceTree = "<group>"; };
		422CA5C81A587AF100F60A5F /* SearchResult.m */ = {isa = PBXFileReference; fileEncoding = 4; lastKnownFileType = sourcecode.c.objc; path = SearchResult.m; sourceTree = "<group>"; };
		422CA5C91A587AF100F60A5F /* SearchResultsViewController.h */ = {isa = PBXFileReference; fileEncoding = 4; lastKnownFileType = sourcecode.c.h; path = SearchResultsViewController.h; sourceTree = "<group>"; };
		422CA5CA1A587AF100F60A5F /* SearchResultsViewController.m */ = {isa = PBXFileReference; fileEncoding = 4; lastKnownFileType = sourcecode.c.objc; path = SearchResultsViewController.m; sourceTree = "<group>"; };
		422CA5CC1A587AF100F60A5F /* UIWebView+SearchWebView.h */ = {isa = PBXFileReference; fileEncoding = 4; lastKnownFileType = sourcecode.c.h; path = "UIWebView+SearchWebView.h"; sourceTree = "<group>"; };
		422CA5CD1A587AF100F60A5F /* UIWebView+SearchWebView.m */ = {isa = PBXFileReference; fileEncoding = 4; lastKnownFileType = sourcecode.c.objc; path = "UIWebView+SearchWebView.m"; sourceTree = "<group>"; };
		422CA5EA1A587C3300F60A5F /* libxml2.dylib */ = {isa = PBXFileReference; lastKnownFileType = "compiled.mach-o.dylib"; name = libxml2.dylib; path = usr/lib/libxml2.dylib; sourceTree = SDKROOT; };
		422CA5EC1A587C4A00F60A5F /* CoreGraphics.framework */ = {isa = PBXFileReference; lastKnownFileType = wrapper.framework; name = CoreGraphics.framework; path = System/Library/Frameworks/CoreGraphics.framework; sourceTree = SDKROOT; };
		422CA5EE1A587C5100F60A5F /* Foundation.framework */ = {isa = PBXFileReference; lastKnownFileType = wrapper.framework; name = Foundation.framework; path = System/Library/Frameworks/Foundation.framework; sourceTree = SDKROOT; };
		422CA5F01A587C6F00F60A5F /* UIKit.framework */ = {isa = PBXFileReference; lastKnownFileType = wrapper.framework; name = UIKit.framework; path = System/Library/Frameworks/UIKit.framework; sourceTree = SDKROOT; };
		422CA5F91A5880D600F60A5F /* libz.dylib */ = {isa = PBXFileReference; lastKnownFileType = "compiled.mach-o.dylib"; name = libz.dylib; path = usr/lib/libz.dylib; sourceTree = SDKROOT; };
		42FB6B441B014653001CFBCC /* Storyboard.storyboard */ = {isa = PBXFileReference; fileEncoding = 4; lastKnownFileType = file.storyboard; path = Storyboard.storyboard; sourceTree = "<group>"; };
		8C632C0D8AEB52B0FADC2C0F /* Pods.debug.xcconfig */ = {isa = PBXFileReference; includeInIndex = 1; lastKnownFileType = text.xcconfig; name = Pods.debug.xcconfig; path = "Pods/Target Support Files/Pods/Pods.debug.xcconfig"; sourceTree = "<group>"; };
/* End PBXFileReference section */

/* Begin PBXFrameworksBuildPhase section */
		422CA5471A587A8300F60A5F /* Frameworks */ = {
			isa = PBXFrameworksBuildPhase;
			buildActionMask = 2147483647;
			files = (
				422CA5FA1A5880D600F60A5F /* libz.dylib in Frameworks */,
				422CA5F81A587FB100F60A5F /* CoreGraphics.framework in Frameworks */,
				422CA5F71A587FA700F60A5F /* libxml2.dylib in Frameworks */,
				422CA5F61A587F9F00F60A5F /* Foundation.framework in Frameworks */,
				422CA5F51A587F9100F60A5F /* UIKit.framework in Frameworks */,
				5B60A90DCCE0AE09A6AB8020 /* libPods.a in Frameworks */,
			);
			runOnlyForDeploymentPostprocessing = 0;
		};
		422CA5601A587A8300F60A5F /* Frameworks */ = {
			isa = PBXFrameworksBuildPhase;
			buildActionMask = 2147483647;
			files = (
				0FB15A068AAF9486573D5825 /* libPods.a in Frameworks */,
			);
			runOnlyForDeploymentPostprocessing = 0;
		};
/* End PBXFrameworksBuildPhase section */

/* Begin PBXGroup section */
		421A96911B022E40005CF8C5 /* BookSources */ = {
			isa = PBXGroup;
			children = (
				421A96981B02351B005CF8C5 /* moby-dick.epub */,
				421A96951B023228005CF8C5 /* jlreq-in-english.epub */,
			);
			name = BookSources;
			path = SK_EPReader;
			sourceTree = "<group>";
		};
		422CA5411A587A8300F60A5F = {
			isa = PBXGroup;
			children = (
				42FB6B461B0147B5001CFBCC /* SK_EPReaderSample */,
				422CA5F41A587F6A00F60A5F /* Frameworks */,
				422CA54C1A587A8300F60A5F /* SK_EPReader */,
				422CA5661A587A8300F60A5F /* SK_EPReaderTests */,
				422CA54B1A587A8300F60A5F /* Products */,
				94EA425CA53AD2120EC84F34 /* Pods */,
			);
			sourceTree = "<group>";
		};
		422CA54B1A587A8300F60A5F /* Products */ = {
			isa = PBXGroup;
			children = (
				422CA54A1A587A8300F60A5F /* SK_EPReader.app */,
				422CA5631A587A8300F60A5F /* SK_EPReaderTests.xctest */,
			);
			name = Products;
			sourceTree = "<group>";
		};
		422CA54C1A587A8300F60A5F /* SK_EPReader */ = {
			isa = PBXGroup;
			children = (
				422CA5AA1A587AF100F60A5F /* Classes */,
				422CA55A1A587A8300F60A5F /* Images.xcassets */,
				422CA55C1A587A8300F60A5F /* LaunchScreen.xib */,
				422CA54D1A587A8300F60A5F /* Supporting Files */,
			);
			path = SK_EPReader;
			sourceTree = "<group>";
		};
		422CA54D1A587A8300F60A5F /* Supporting Files */ = {
			isa = PBXGroup;
			children = (
				422CA5A11A587AC900F60A5F /* orangeslide.png */,
				422CA5A21A587AC900F60A5F /* SearchWebView.js */,
				422CA5A41A587AC900F60A5F /* yellowslide.png */,
				422CA59E1A587AAE00F60A5F /* slider_ball.png */,
				422CA54E1A587A8300F60A5F /* Info.plist */,
				422CA54F1A587A8300F60A5F /* main.m */,
				42FB6B441B014653001CFBCC /* Storyboard.storyboard */,
			);
			name = "Supporting Files";
			sourceTree = "<group>";
		};
		422CA5661A587A8300F60A5F /* SK_EPReaderTests */ = {
			isa = PBXGroup;
			children = (
				422CA5691A587A8300F60A5F /* SK_EPReaderTests.m */,
				422CA5671A587A8300F60A5F /* Supporting Files */,
			);
			path = SK_EPReaderTests;
			sourceTree = "<group>";
		};
		422CA5671A587A8300F60A5F /* Supporting Files */ = {
			isa = PBXGroup;
			children = (
				422CA5681A587A8300F60A5F /* Info.plist */,
			);
			name = "Supporting Files";
			sourceTree = "<group>";
		};
		422CA5AA1A587AF100F60A5F /* Classes */ = {
			isa = PBXGroup;
			children = (
				42E242811B0207D1002AEB6F /* Support */,
				422CA5AD1A587AF100F60A5F /* Chapter.h */,
				422CA5AE1A587AF100F60A5F /* Chapter.m */,
				422CA5AF1A587AF100F60A5F /* ChapterListViewController.h */,
				422CA5B01A587AF100F60A5F /* ChapterListViewController.m */,
				422CA5B21A587AF100F60A5F /* EPub.h */,
				422CA5B31A587AF100F60A5F /* EPub.m */,
				422CA5B51A587AF100F60A5F /* EPubViewController.h */,
				422CA5B61A587AF100F60A5F /* EPubViewController.m */,
				422CA5C71A587AF100F60A5F /* SearchResult.h */,
				422CA5C81A587AF100F60A5F /* SearchResult.m */,
				422CA5C91A587AF100F60A5F /* SearchResultsViewController.h */,
				422CA5CA1A587AF100F60A5F /* SearchResultsViewController.m */,
				422CA5CC1A587AF100F60A5F /* UIWebView+SearchWebView.h */,
				422CA5CD1A587AF100F60A5F /* UIWebView+SearchWebView.m */,
			);
			path = Classes;
			sourceTree = "<group>";
		};
		422CA5F41A587F6A00F60A5F /* Frameworks */ = {
			isa = PBXGroup;
			children = (
				422CA5F91A5880D600F60A5F /* libz.dylib */,
				422CA5F01A587C6F00F60A5F /* UIKit.framework */,
				422CA5EE1A587C5100F60A5F /* Foundation.framework */,
				422CA5EC1A587C4A00F60A5F /* CoreGraphics.framework */,
				422CA5EA1A587C3300F60A5F /* libxml2.dylib */,
				19F819356432995F2000CDA8 /* libPods.a */,
			);
			name = Frameworks;
			sourceTree = "<group>";
		};
		42E242811B0207D1002AEB6F /* Support */ = {
			isa = PBXGroup;
			children = (
				421A968D1B020878005CF8C5 /* SKFileSystemSupport.h */,
				421A968E1B020878005CF8C5 /* SKFileSystemSupport.m */,
			);
			name = Support;
			sourceTree = "<group>";
		};
		42FB6B461B0147B5001CFBCC /* SK_EPReaderSample */ = {
			isa = PBXGroup;
			children = (
				421A96911B022E40005CF8C5 /* BookSources */,
				421A96921B023106005CF8C5 /* SKBookListTableController.h */,
				421A96931B023106005CF8C5 /* SKBookListTableController.m */,
				422CA5511A587A8300F60A5F /* AppDelegate.h */,
				422CA5521A587A8300F60A5F /* AppDelegate.m */,
			);
			name = SK_EPReaderSample;
			sourceTree = "<group>";
		};
		94EA425CA53AD2120EC84F34 /* Pods */ = {
			isa = PBXGroup;
			children = (
				8C632C0D8AEB52B0FADC2C0F /* Pods.debug.xcconfig */,
				08ACC48D1E675FC921EE7979 /* Pods.release.xcconfig */,
			);
			name = Pods;
			sourceTree = "<group>";
		};
/* End PBXGroup section */

/* Begin PBXNativeTarget section */
		422CA5491A587A8300F60A5F /* SK_EPReader */ = {
			isa = PBXNativeTarget;
			buildConfigurationList = 422CA56D1A587A8300F60A5F /* Build configuration list for PBXNativeTarget "SK_EPReader" */;
			buildPhases = (
				9D330003230D1D6846C10FEE /* Check Pods Manifest.lock */,
				422CA5461A587A8300F60A5F /* Sources */,
				422CA5471A587A8300F60A5F /* Frameworks */,
				422CA5481A587A8300F60A5F /* Resources */,
				B19F52CDE3DD48F2C771C128 /* Copy Pods Resources */,
			);
			buildRules = (
			);
			dependencies = (
			);
			name = SK_EPReader;
			productName = SK_EPReader;
			productReference = 422CA54A1A587A8300F60A5F /* SK_EPReader.app */;
			productType = "com.apple.product-type.application";
		};
		422CA5621A587A8300F60A5F /* SK_EPReaderTests */ = {
			isa = PBXNativeTarget;
			buildConfigurationList = 422CA5701A587A8300F60A5F /* Build configuration list for PBXNativeTarget "SK_EPReaderTests" */;
			buildPhases = (
				BEFE500061BF8836154F702E /* Check Pods Manifest.lock */,
				422CA55F1A587A8300F60A5F /* Sources */,
				422CA5601A587A8300F60A5F /* Frameworks */,
				422CA5611A587A8300F60A5F /* Resources */,
				F87D53FF6C6C844304A67887 /* Copy Pods Resources */,
			);
			buildRules = (
			);
			dependencies = (
				422CA5651A587A8300F60A5F /* PBXTargetDependency */,
			);
			name = SK_EPReaderTests;
			productName = SK_EPReaderTests;
			productReference = 422CA5631A587A8300F60A5F /* SK_EPReaderTests.xctest */;
			productType = "com.apple.product-type.bundle.unit-test";
		};
/* End PBXNativeTarget section */

/* Begin PBXProject section */
		422CA5421A587A8300F60A5F /* Project object */ = {
			isa = PBXProject;
			attributes = {
				LastUpgradeCheck = 0600;
				ORGANIZATIONNAME = skyylex;
				TargetAttributes = {
					422CA5491A587A8300F60A5F = {
						CreatedOnToolsVersion = 6.0.1;
					};
					422CA5621A587A8300F60A5F = {
						CreatedOnToolsVersion = 6.0.1;
						TestTargetID = 422CA5491A587A8300F60A5F;
					};
				};
			};
			buildConfigurationList = 422CA5451A587A8300F60A5F /* Build configuration list for PBXProject "SK_EPReader" */;
			compatibilityVersion = "Xcode 3.2";
			developmentRegion = English;
			hasScannedForEncodings = 0;
			knownRegions = (
				en,
				Base,
			);
			mainGroup = 422CA5411A587A8300F60A5F;
			productRefGroup = 422CA54B1A587A8300F60A5F /* Products */;
			projectDirPath = "";
			projectRoot = "";
			targets = (
				422CA5491A587A8300F60A5F /* SK_EPReader */,
				422CA5621A587A8300F60A5F /* SK_EPReaderTests */,
			);
		};
/* End PBXProject section */

/* Begin PBXResourcesBuildPhase section */
		422CA5481A587A8300F60A5F /* Resources */ = {
			isa = PBXResourcesBuildPhase;
			buildActionMask = 2147483647;
			files = (
				421A96961B023228005CF8C5 /* jlreq-in-english.epub in Resources */,
				422CA5A91A587AC900F60A5F /* yellowslide.png in Resources */,
				422CA5A71A587AC900F60A5F /* SearchWebView.js in Resources */,
				421A96991B02351B005CF8C5 /* moby-dick.epub in Resources */,
				422CA55E1A587A8300F60A5F /* LaunchScreen.xib in Resources */,
				422CA55B1A587A8300F60A5F /* Images.xcassets in Resources */,
				42FB6B451B014653001CFBCC /* Storyboard.storyboard in Resources */,
				422CA59F1A587AAE00F60A5F /* slider_ball.png in Resources */,
				422CA5A61A587AC900F60A5F /* orangeslide.png in Resources */,
			);
			runOnlyForDeploymentPostprocessing = 0;
		};
		422CA5611A587A8300F60A5F /* Resources */ = {
			isa = PBXResourcesBuildPhase;
			buildActionMask = 2147483647;
			files = (
				421A96971B023228005CF8C5 /* jlreq-in-english.epub in Resources */,
				421A969A1B02351B005CF8C5 /* moby-dick.epub in Resources */,
			);
			runOnlyForDeploymentPostprocessing = 0;
		};
/* End PBXResourcesBuildPhase section */

/* Begin PBXShellScriptBuildPhase section */
		9D330003230D1D6846C10FEE /* Check Pods Manifest.lock */ = {
			isa = PBXShellScriptBuildPhase;
			buildActionMask = 2147483647;
			files = (
			);
			inputPaths = (
			);
			name = "Check Pods Manifest.lock";
			outputPaths = (
			);
			runOnlyForDeploymentPostprocessing = 0;
			shellPath = /bin/sh;
			shellScript = "diff \"${PODS_ROOT}/../Podfile.lock\" \"${PODS_ROOT}/Manifest.lock\" > /dev/null\nif [[ $? != 0 ]] ; then\n    cat << EOM\nerror: The sandbox is not in sync with the Podfile.lock. Run 'pod install' or update your CocoaPods installation.\nEOM\n    exit 1\nfi\n";
			showEnvVarsInLog = 0;
		};
		B19F52CDE3DD48F2C771C128 /* Copy Pods Resources */ = {
			isa = PBXShellScriptBuildPhase;
			buildActionMask = 2147483647;
			files = (
			);
			inputPaths = (
			);
			name = "Copy Pods Resources";
			outputPaths = (
			);
			runOnlyForDeploymentPostprocessing = 0;
			shellPath = /bin/sh;
			shellScript = "\"${SRCROOT}/Pods/Target Support Files/Pods/Pods-resources.sh\"\n";
			showEnvVarsInLog = 0;
		};
		BEFE500061BF8836154F702E /* Check Pods Manifest.lock */ = {
			isa = PBXShellScriptBuildPhase;
			buildActionMask = 2147483647;
			files = (
			);
			inputPaths = (
			);
			name = "Check Pods Manifest.lock";
			outputPaths = (
			);
			runOnlyForDeploymentPostprocessing = 0;
			shellPath = /bin/sh;
			shellScript = "diff \"${PODS_ROOT}/../Podfile.lock\" \"${PODS_ROOT}/Manifest.lock\" > /dev/null\nif [[ $? != 0 ]] ; then\n    cat << EOM\nerror: The sandbox is not in sync with the Podfile.lock. Run 'pod install' or update your CocoaPods installation.\nEOM\n    exit 1\nfi\n";
			showEnvVarsInLog = 0;
		};
		F87D53FF6C6C844304A67887 /* Copy Pods Resources */ = {
			isa = PBXShellScriptBuildPhase;
			buildActionMask = 2147483647;
			files = (
			);
			inputPaths = (
			);
			name = "Copy Pods Resources";
			outputPaths = (
			);
			runOnlyForDeploymentPostprocessing = 0;
			shellPath = /bin/sh;
			shellScript = "\"${SRCROOT}/Pods/Target Support Files/Pods/Pods-resources.sh\"\n";
			showEnvVarsInLog = 0;
		};
/* End PBXShellScriptBuildPhase section */

/* Begin PBXSourcesBuildPhase section */
		422CA5461A587A8300F60A5F /* Sources */ = {
			isa = PBXSourcesBuildPhase;
			buildActionMask = 2147483647;
			files = (
				422CA5D81A587AF100F60A5F /* EPub.m in Sources */,
				421A96941B023106005CF8C5 /* SKBookListTableController.m in Sources */,
				421A968F1B020878005CF8C5 /* SKFileSystemSupport.m in Sources */,
				422CA5531A587A8300F60A5F /* AppDelegate.m in Sources */,
				422CA5D51A587AF100F60A5F /* Chapter.m in Sources */,
				422CA5D61A587AF100F60A5F /* ChapterListViewController.m in Sources */,
				422CA5E11A587AF100F60A5F /* SearchResult.m in Sources */,
				422CA5E21A587AF100F60A5F /* SearchResultsViewController.m in Sources */,
				422CA5501A587A8300F60A5F /* main.m in Sources */,
				422CA5E41A587AF100F60A5F /* UIWebView+SearchWebView.m in Sources */,
				422CA5DA1A587AF100F60A5F /* EPubViewController.m in Sources */,
			);
			runOnlyForDeploymentPostprocessing = 0;
		};
		422CA55F1A587A8300F60A5F /* Sources */ = {
			isa = PBXSourcesBuildPhase;
			buildActionMask = 2147483647;
			files = (
				421A96901B02087E005CF8C5 /* SKFileSystemSupport.m in Sources */,
				421A969B1B023967005CF8C5 /* SKBookListTableController.m in Sources */,
				422CA56A1A587A8300F60A5F /* SK_EPReaderTests.m in Sources */,
			);
			runOnlyForDeploymentPostprocessing = 0;
		};
/* End PBXSourcesBuildPhase section */

/* Begin PBXTargetDependency section */
		422CA5651A587A8300F60A5F /* PBXTargetDependency */ = {
			isa = PBXTargetDependency;
			target = 422CA5491A587A8300F60A5F /* SK_EPReader */;
			targetProxy = 422CA5641A587A8300F60A5F /* PBXContainerItemProxy */;
		};
/* End PBXTargetDependency section */

/* Begin PBXVariantGroup section */
		422CA55C1A587A8300F60A5F /* LaunchScreen.xib */ = {
			isa = PBXVariantGroup;
			children = (
				422CA55D1A587A8300F60A5F /* Base */,
			);
			name = LaunchScreen.xib;
			sourceTree = "<group>";
		};
/* End PBXVariantGroup section */

/* Begin XCBuildConfiguration section */
		422CA56B1A587A8300F60A5F /* Debug */ = {
			isa = XCBuildConfiguration;
			buildSettings = {
				ALWAYS_SEARCH_USER_PATHS = NO;
				CLANG_CXX_LANGUAGE_STANDARD = "gnu++0x";
				CLANG_CXX_LIBRARY = "libc++";
				CLANG_ENABLE_MODULES = YES;
				CLANG_ENABLE_OBJC_ARC = YES;
				CLANG_WARN_BOOL_CONVERSION = YES;
				CLANG_WARN_CONSTANT_CONVERSION = YES;
				CLANG_WARN_DIRECT_OBJC_ISA_USAGE = YES_ERROR;
				CLANG_WARN_EMPTY_BODY = YES;
				CLANG_WARN_ENUM_CONVERSION = YES;
				CLANG_WARN_INT_CONVERSION = YES;
				CLANG_WARN_OBJC_ROOT_CLASS = YES_ERROR;
				CLANG_WARN_UNREACHABLE_CODE = YES;
				CLANG_WARN__DUPLICATE_METHOD_MATCH = YES;
				"CODE_SIGN_IDENTITY[sdk=iphoneos*]" = "iPhone Developer";
				COPY_PHASE_STRIP = NO;
				ENABLE_STRICT_OBJC_MSGSEND = YES;
				GCC_C_LANGUAGE_STANDARD = gnu99;
				GCC_DYNAMIC_NO_PIC = NO;
				GCC_OPTIMIZATION_LEVEL = 0;
				GCC_PREPROCESSOR_DEFINITIONS = (
					"DEBUG=1",
					"$(inherited)",
				);
				GCC_SYMBOLS_PRIVATE_EXTERN = NO;
				GCC_WARN_64_TO_32_BIT_CONVERSION = YES;
				GCC_WARN_ABOUT_RETURN_TYPE = YES_ERROR;
				GCC_WARN_UNDECLARED_SELECTOR = YES;
				GCC_WARN_UNINITIALIZED_AUTOS = YES_AGGRESSIVE;
				GCC_WARN_UNUSED_FUNCTION = YES;
				GCC_WARN_UNUSED_VARIABLE = YES;
				IPHONEOS_DEPLOYMENT_TARGET = 8.0;
				MTL_ENABLE_DEBUG_INFO = YES;
				ONLY_ACTIVE_ARCH = YES;
				SDKROOT = iphoneos;
				TARGETED_DEVICE_FAMILY = "1,2";
			};
			name = Debug;
		};
		422CA56C1A587A8300F60A5F /* Release */ = {
			isa = XCBuildConfiguration;
			buildSettings = {
				ALWAYS_SEARCH_USER_PATHS = NO;
				CLANG_CXX_LANGUAGE_STANDARD = "gnu++0x";
				CLANG_CXX_LIBRARY = "libc++";
				CLANG_ENABLE_MODULES = YES;
				CLANG_ENABLE_OBJC_ARC = YES;
				CLANG_WARN_BOOL_CONVERSION = YES;
				CLANG_WARN_CONSTANT_CONVERSION = YES;
				CLANG_WARN_DIRECT_OBJC_ISA_USAGE = YES_ERROR;
				CLANG_WARN_EMPTY_BODY = YES;
				CLANG_WARN_ENUM_CONVERSION = YES;
				CLANG_WARN_INT_CONVERSION = YES;
				CLANG_WARN_OBJC_ROOT_CLASS = YES_ERROR;
				CLANG_WARN_UNREACHABLE_CODE = YES;
				CLANG_WARN__DUPLICATE_METHOD_MATCH = YES;
				"CODE_SIGN_IDENTITY[sdk=iphoneos*]" = "iPhone Developer";
				COPY_PHASE_STRIP = YES;
				ENABLE_NS_ASSERTIONS = NO;
				ENABLE_STRICT_OBJC_MSGSEND = YES;
				GCC_C_LANGUAGE_STANDARD = gnu99;
				GCC_WARN_64_TO_32_BIT_CONVERSION = YES;
				GCC_WARN_ABOUT_RETURN_TYPE = YES_ERROR;
				GCC_WARN_UNDECLARED_SELECTOR = YES;
				GCC_WARN_UNINITIALIZED_AUTOS = YES_AGGRESSIVE;
				GCC_WARN_UNUSED_FUNCTION = YES;
				GCC_WARN_UNUSED_VARIABLE = YES;
				IPHONEOS_DEPLOYMENT_TARGET = 8.0;
				MTL_ENABLE_DEBUG_INFO = NO;
				SDKROOT = iphoneos;
				TARGETED_DEVICE_FAMILY = "1,2";
				VALIDATE_PRODUCT = YES;
			};
			name = Release;
		};
		422CA56E1A587A8300F60A5F /* Debug */ = {
			isa = XCBuildConfiguration;
			baseConfigurationReference = 8C632C0D8AEB52B0FADC2C0F /* Pods.debug.xcconfig */;
			buildSettings = {
				ALWAYS_SEARCH_USER_PATHS = YES;
				ASSETCATALOG_COMPILER_APPICON_NAME = AppIcon;
				CLANG_ENABLE_MODULES = YES;
				CODE_SIGN_IDENTITY = "iPhone Developer";
				FRAMEWORK_SEARCH_PATHS = (
					"\"$(SRCROOT)\"",
					"$(inherited)",
				);
				HEADER_SEARCH_PATHS = (
					"$(inherited)",
					/Applications/Xcode.app/Contents/Developer/Toolchains/XcodeDefault.xctoolchain/usr/include,
					"$(SDKROOT)/usr/include/libxml2/**",
				);
				INFOPLIST_FILE = SK_EPReader/Info.plist;
				IPHONEOS_DEPLOYMENT_TARGET = 7.0;
				LD_RUNPATH_SEARCH_PATHS = "$(inherited) @executable_path/Frameworks";
				LIBRARY_SEARCH_PATHS = (
					"/usr/include/libxml2/**",
					"$(inherited)",
					"\"$(SRCROOT)\"",
				);
				PRODUCT_NAME = "$(TARGET_NAME)";
				SWIFT_OBJC_BRIDGING_HEADER = "SK_EPReader/Classes/SK_EPReader-Bridging-Header.h";
				SWIFT_OPTIMIZATION_LEVEL = "-Onone";
			};
			name = Debug;
		};
		422CA56F1A587A8300F60A5F /* Release */ = {
			isa = XCBuildConfiguration;
			baseConfigurationReference = 08ACC48D1E675FC921EE7979 /* Pods.release.xcconfig */;
			buildSettings = {
				ALWAYS_SEARCH_USER_PATHS = YES;
				ASSETCATALOG_COMPILER_APPICON_NAME = AppIcon;
				CLANG_ENABLE_MODULES = YES;
				CODE_SIGN_IDENTITY = "iPhone Developer";
				FRAMEWORK_SEARCH_PATHS = (
					"\"$(SRCROOT)\"",
					"$(inherited)",
				);
				HEADER_SEARCH_PATHS = (
					"$(inherited)",
					/Applications/Xcode.app/Contents/Developer/Toolchains/XcodeDefault.xctoolchain/usr/include,
					"$(SDKROOT)/usr/include/libxml2/**",
				);
				INFOPLIST_FILE = SK_EPReader/Info.plist;
				IPHONEOS_DEPLOYMENT_TARGET = 7.0;
				LD_RUNPATH_SEARCH_PATHS = "$(inherited) @executable_path/Frameworks";
				LIBRARY_SEARCH_PATHS = (
					"/usr/include/libxml2/**",
					"$(inherited)",
					"\"$(SRCROOT)\"",
				);
				PRODUCT_NAME = "$(TARGET_NAME)";
				SWIFT_OBJC_BRIDGING_HEADER = "SK_EPReader/Classes/SK_EPReader-Bridging-Header.h";
			};
			name = Release;
		};
		422CA5711A587A8300F60A5F /* Debug */ = {
			isa = XCBuildConfiguration;
			baseConfigurationReference = 8C632C0D8AEB52B0FADC2C0F /* Pods.debug.xcconfig */;
			buildSettings = {
				BUNDLE_LOADER = "$(TEST_HOST)";
				CLANG_ENABLE_MODULES = YES;
				FRAMEWORK_SEARCH_PATHS = (
					"$(SDKROOT)/Developer/Library/Frameworks",
					"$(inherited)",
				);
				GCC_PREPROCESSOR_DEFINITIONS = (
					"DEBUG=1",
					"$(inherited)",
				);
				INFOPLIST_FILE = SK_EPReaderTests/Info.plist;
				LD_RUNPATH_SEARCH_PATHS = "$(inherited) @executable_path/Frameworks @loader_path/Frameworks";
				PRODUCT_NAME = "$(TARGET_NAME)";
				SWIFT_OBJC_BRIDGING_HEADER = "SK_EPReader/Classes/SK_EPReaderTests-Bridging-Header.h";
				SWIFT_OPTIMIZATION_LEVEL = "-Onone";
				TEST_HOST = "$(BUILT_PRODUCTS_DIR)/SK_EPReader.app/SK_EPReader";
			};
			name = Debug;
		};
		422CA5721A587A8300F60A5F /* Release */ = {
			isa = XCBuildConfiguration;
			baseConfigurationReference = 08ACC48D1E675FC921EE7979 /* Pods.release.xcconfig */;
			buildSettings = {
				BUNDLE_LOADER = "$(TEST_HOST)";
				CLANG_ENABLE_MODULES = YES;
				FRAMEWORK_SEARCH_PATHS = (
					"$(SDKROOT)/Developer/Library/Frameworks",
					"$(inherited)",
				);
				INFOPLIST_FILE = SK_EPReaderTests/Info.plist;
				LD_RUNPATH_SEARCH_PATHS = "$(inherited) @executable_path/Frameworks @loader_path/Frameworks";
				PRODUCT_NAME = "$(TARGET_NAME)";
				SWIFT_OBJC_BRIDGING_HEADER = "SK_EPReader/Classes/SK_EPReaderTests-Bridging-Header.h";
				TEST_HOST = "$(BUILT_PRODUCTS_DIR)/SK_EPReader.app/SK_EPReader";
			};
			name = Release;
		};
/* End XCBuildConfiguration section */

/* Begin XCConfigurationList section */
		422CA5451A587A8300F60A5F /* Build configuration list for PBXProject "SK_EPReader" */ = {
			isa = XCConfigurationList;
			buildConfigurations = (
				422CA56B1A587A8300F60A5F /* Debug */,
				422CA56C1A587A8300F60A5F /* Release */,
			);
			defaultConfigurationIsVisible = 0;
			defaultConfigurationName = Release;
		};
		422CA56D1A587A8300F60A5F /* Build configuration list for PBXNativeTarget "SK_EPReader" */ = {
			isa = XCConfigurationList;
			buildConfigurations = (
				422CA56E1A587A8300F60A5F /* Debug */,
				422CA56F1A587A8300F60A5F /* Release */,
			);
			defaultConfigurationIsVisible = 0;
			defaultConfigurationName = Release;
		};
		422CA5701A587A8300F60A5F /* Build configuration list for PBXNativeTarget "SK_EPReaderTests" */ = {
			isa = XCConfigurationList;
			buildConfigurations = (
				422CA5711A587A8300F60A5F /* Debug */,
				422CA5721A587A8300F60A5F /* Release */,
			);
			defaultConfigurationIsVisible = 0;
			defaultConfigurationName = Release;
		};
/* End XCConfigurationList section */
	};
	rootObject = 422CA5421A587A8300F60A5F /* Project object */;
}
